github.com/aws/aws-sdk-go-v2 v1.18.0 h1:882kkTpSFhdgYRKVZ/VCgf7sd0ru57p2JCxz4/oN5RY=
github.com/aws/aws-sdk-go-v2 v1.18.0/go.mod h1:uzbQtefpm44goOPmdKyAlXSNcwlRgF3ePWVW6EtJvvw=
github.com/aws/aws-sdk-go-v2 v1.18.1 h1:+tefE750oAb7ZQGzla6bLkOwfcQCEtC5y2RqoqCeqKo=
github.com/aws/aws-sdk-go-v2 v1.18.1/go.mod h1:uzbQtefpm44goOPmdKyAlXSNcwlRgF3ePWVW6EtJvvw=
github.com/aws/aws-sdk-go-v2 v1.19.0 h1:klAT+y3pGFBU/qVf1uzwttpBbiuozJYWzNLHioyDJ+k=
github.com/aws/aws-sdk-go-v2 v1.19.0/go.mod h1:uzbQtefpm44goOPmdKyAlXSNcwlRgF3ePWVW6EtJvvw=
github.com/aws/aws-sdk-go-v2 v1.21.0 h1:gMT0IW+03wtYJhRqTVYn0wLzwdnK9sRMcxmtfGzRdJc=
github.com/aws/aws-sdk-go-v2 v1.21.0/go.mod h1:/RfNgGmRxI+iFOB1OeJUyxiU+9s88k3pfHvDagGEp0M=
github.com/aws/aws-sdk-go-v2 v1.21.2 h1:+LXZ0sgo8quN9UOKXXzAWRT3FWd4NxeXWOZom9pE7GA=
github.com/aws/aws-sdk-go-v2 v1.21.2/go.mod h1:ErQhvNuEMhJjweavOYhxVkn2RUx7kQXVATHrjKtxIpM=
github.com/aws/aws-sdk-go-v2 v1.22.1 h1:sjnni/AuoTXxHitsIdT0FwmqUuNUuHtufcVDErVFT9U=
github.com/aws/aws-sdk-go-v2 v1.22.1/go.mod h1:Kd0OJtkW3Q0M0lUWGszapWjEvrXDzRW+D21JNsroB+c=
github.com/aws/aws-sdk-go-v2 v1.22.2 h1:lV0U8fnhAnPz8YcdmZVV60+tr6CakHzqA6P8T46ExJI=
github.com/aws/aws-sdk-go-v2 v1.22.2/go.mod h1:Kd0OJtkW3Q0M0lUWGszapWjEvrXDzRW+D21JNsroB+c=
github.com/aws/aws-sdk-go-v2 v1.23.0 h1:PiHAzmiQQr6JULBUdvR8fKlA+UPKLT/8KbiqpFBWiAo=
github.com/aws/aws-sdk-go-v2 v1.23.0/go.mod h1:i1XDttT4rnf6vxc9AuskLc6s7XBee8rlLilKlc03uAA=
github.com/aws/aws-sdk-go-v2 v1.23.1 h1:qXaFsOOMA+HsZtX8WoCa+gJnbyW7qyFFBlPqvTSzbaI=
github.com/aws/aws-sdk-go-v2 v1.23.1/go.mod h1:i1XDttT4rnf6vxc9AuskLc6s7XBee8rlLilKlc03uAA=
github.com/aws/aws-sdk-go-v2 v1.23.5 h1:xK6C4udTyDMd82RFvNkDQxtAd00xlzFUtX4fF2nMZyg=
github.com/aws/aws-sdk-go-v2 v1.23.5/go.mod h1:t3szzKfP0NeRU27uBFczDivYJjsmSnqI8kIvKyWb9ds=
github.com/aws/aws-sdk-go-v2/config v1.18.25 h1:JuYyZcnMPBiFqn87L2cRppo+rNwgah6YwD3VuyvaW6Q=
github.com/aws/aws-sdk-go-v2/config v1.18.25/go.mod h1:dZnYpD5wTW/dQF0rRNLVypB396zWCcPiBIvdvSWHEg4=
github.com/aws/aws-sdk-go-v2/config v1.18.27 h1:Az9uLwmssTE6OGTpsFqOnaGpLnKDqNYOJzWuC6UAYzA=
github.com/aws/aws-sdk-go-v2/config v1.18.27/go.mod h1:0My+YgmkGxeqjXZb5BYme5pc4drjTnM+x1GJ3zv42Nw=
github.com/aws/aws-sdk-go-v2/config v1.18.28 h1:TINEaKyh1Td64tqFvn09iYpKiWjmHYrG1fa91q2gnqw=
github.com/aws/aws-sdk-go-v2/config v1.18.28/go.mod h1:nIL+4/8JdAuNHEjn/gPEXqtnS02Q3NXB/9Z7o5xE4+A=
github.com/aws/aws-sdk-go-v2/config v1.18.39 h1:oPVyh6fuu/u4OiW4qcuQyEtk7U7uuNBmHmJSLg1AJsQ=
github.com/aws/aws-sdk-go-v2/config v1.18.39/go.mod h1:+NH/ZigdPckFpgB1TRcRuWCB/Kbbvkxc/iNAKTq5RhE=
github.com/aws/aws-sdk-go-v2/config v1.19.1 h1:oe3vqcGftyk40icfLymhhhNysAwk0NfiwkDi2GTPMXs=
github.com/aws/aws-sdk-go-v2/config v1.19.1/go.mod h1:ZwDUgFnQgsazQTnWfeLWk5GjeqTQTL8lMkoE1UXzxdE=
github.com/aws/aws-sdk-go-v2/config v1.22.0 h1:9Mm99OalzZRz0ab5fpodMoHBApHS6pqRNp3M9NmzvDg=
github.com/aws/aws-sdk-go-v2/config v1.22.0/go.mod h1:2eWgw5lps8fKI7LZVTrRTYP6HE6k/uEFUuTSHfXwqP0=
github.com/aws/aws-sdk-go-v2/config v1.22.1 h1:UrRYnF7mXCGuKmZWlczOXeH0WUbQpi/gseQIPtrhme8=
github.com/aws/aws-sdk-go-v2/config v1.22.1/go.mod h1:2eWgw5lps8fKI7LZVTrRTYP6HE6k/uEFUuTSHfXwqP0=
github.com/aws/aws-sdk-go-v2/config v1.23.0 h1:kqzEfGGDIrRJpfJckgwuZfFTbU9NB1jZnRcaO9MpOqE=
github.com/aws/aws-sdk-go-v2/config v1.23.0/go.mod h1:p7wbxKXXjS1GGQOss7VXOazVMFF9bjUGq85/4wR/fSw=
github.com/aws/aws-sdk-go-v2/config v1.25.2 h1:+Gy7Xe372Tw/PiUw3We94Le9IwU1tmJqCD6cvI4oBJM=
github.com/aws/aws-sdk-go-v2/config v1.25.2/go.mod h1:6hFlwWQiVOUG0Ej2ql0tG4zPlpDH++HD0WT1MA6l5Q4=
github.com/aws/aws-sdk-go-v2/config v1.25.4 h1:r+X1x8QI6FEPdJDWCNBDZHyAcyFwSjHN8q8uuus+Axs=
github.com/aws/aws-sdk-go-v2/config v1.25.4/go.mod h1:8GTjImECskr7D88P/Nn9uM4M4rLY9i77hLJZgkZEWV8=
github.com/aws/aws-sdk-go-v2/config v1.25.5 h1:UGKm9hpQS2hoK8CEJ1BzAW8NbUpvwDJJ4lyqXSzu8bk=
github.com/aws/aws-sdk-go-v2/config v1.25.5/go.mod h1:Bf4gDvy4ZcFIK0rqDu1wp9wrubNba2DojiPB2rt6nvI=
github.com/aws/aws-sdk-go-v2/config v1.25.11 h1:RWzp7jhPRliIcACefGkKp03L0Yofmd2p8M25kbiyvno=
github.com/aws/aws-sdk-go-v2/config v1.25.11/go.mod h1:BVUs0chMdygHsQtvaMyEOpW2GIW+ubrxJLgIz/JU29s=
github.com/aws/aws-sdk-go-v2/config v1.25.12 h1:mF4cMuNh/2G+d19nWnm1vJ/ak0qK6SbqF0KtSX9pxu0=
github.com/aws/aws-sdk-go-v2/config v1.25.12/go.mod h1:lOvvqtZP9p29GIjOTuA/76HiVk0c/s8qRcFRq2+E2uc=
github.com/aws/aws-sdk-go-v2/credentials v1.13.24 h1:PjiYyls3QdCrzqUN35jMWtUK1vqVZ+zLfdOa/UPFDp0=
github.com/aws/aws-sdk-go-v2/credentials v1.13.24/go.mod h1:jYPYi99wUOPIFi0rhiOvXeSEReVOzBqFNOX5bXYoG2o=
github.com/aws/aws-sdk-go-v2/credentials v1.13.26 h1:qmU+yhKmOCyujmuPY7tf5MxR/RKyZrOPO3V4DobiTUk=
github.com/aws/aws-sdk-go-v2/credentials v1.13.26/go.mod h1:GoXt2YC8jHUBbA4jr+W3JiemnIbkXOfxSXcisUsZ3os=
github.com/aws/aws-sdk-go-v2/credentials v1.13.27 h1:dz0yr/yR1jweAnsCx+BmjerUILVPQ6FS5AwF/OyG1kA=
github.com/aws/aws-sdk-go-v2/credentials v1.13.27/go.mod h1:syOqAek45ZXZp29HlnRS/BNgMIW6uiRmeuQsz4Qh2UE=
github.com/aws/aws-sdk-go-v2/credentials v1.13.37 h1:BvEdm09+ZEh2XtN+PVHPcYwKY3wIeB6pw7vPRM4M9/U=
github.com/aws/aws-sdk-go-v2/credentials v1.13.37/go.mod h1:ACLrdkd4CLZyXOghZ8IYumQbcooAcp2jo/s2xsFH8IM=
github.com/aws/aws-sdk-go-v2/credentials v1.13.43 h1:LU8vo40zBlo3R7bAvBVy/ku4nxGEyZe9N8MqAeFTzF8=
github.com/aws/aws-sdk-go-v2/credentials v1.13.43/go.mod h1:zWJBz1Yf1ZtX5NGax9ZdNjhhI4rgjfgsyk6vTY1yfVg=
github.com/aws/aws-sdk-go-v2/credentials v1.15.1 h1:hmf6lAm9hk7uLCfapZn/jL05lm6Uwdbn1B0fgjyuf4M=
github.com/aws/aws-sdk-go-v2/credentials v1.15.1/go.mod h1:QTcHga3ZbQOneJuxmGBOCxiClxmp+TlvmjFexAnJ790=
github.com/aws/aws-sdk-go-v2/credentials v1.15.2 h1:rKH7khRMxPdD0u3dHecd0Q7NOVw3EUe7AqdkUOkiOGI=
github.com/aws/aws-sdk-go-v2/credentials v1.15.2/go.mod h1:tXM8wmaeAhfC7nZoCxb0FzM/aRaB1m1WQ7x0qlBLq80=
github.com/aws/aws-sdk-go-v2/credentials v1.16.1 h1:WessyrdgyFN5TB+eLQdrFSlN/3oMnqukIFhDxK6z8h0=
github.com/aws/aws-sdk-go-v2/credentials v1.16.1/go.mod h1:RQJyPxKcr+m4ArlIG1LUhMOrjposVfzbX6H8oR6oCgE=
github.com/aws/aws-sdk-go-v2/credentials v1.16.3 h1:8PeI2krzzjDJ5etmgaMiD1JswsrLrWvKKu/uBUtNy1g=
github.com/aws/aws-sdk-go-v2/credentials v1.16.3/go.mod h1:Kdh/okh+//vQ/AjEt81CjvkTo64+/zIE4OewP7RpfXk=
github.com/aws/aws-sdk-go-v2/credentials v1.16.4 h1:i7UQYYDSJrtc30RSwJwfBKwLFNnBTiICqAJ0pPdum8E=
github.com/aws/aws-sdk-go-v2/credentials v1.16.4/go.mod h1:Kdh/okh+//vQ/AjEt81CjvkTo64+/zIE4OewP7RpfXk=
github.com/aws/aws-sdk-go-v2/credentials v1.16.9 h1:LQo3MUIOzod9JdUK+wxmSdgzLVYUbII3jXn3S/HJZU0=
github.com/aws/aws-sdk-go-v2/credentials v1.16.9/go.mod h1:R7mDuIJoCjH6TxGUc/cylE7Lp/o0bhKVoxdBThsjqCM=
github.com/aws/aws-sdk-go-v2/credentials v1.16.10 h1:VmRkuoKaGl2ZDNGkkRQgw80Hxj1Bb9a+bsT5shqlCwo=
github.com/aws/aws-sdk-go-v2/credentials v1.16.10/go.mod h1:WEn22lpd50buTs/TDqywytW5xQ2zPOMbYipIlqI6xXg=
github.com/aws/aws-sdk-go-v2/feature/ec2/imds v1.13.3 h1:jJPgroehGvjrde3XufFIJUZVK5A2L9a3KwSFgKy9n8w=
github.com/aws/aws-sdk-go-v2/feature/ec2/imds v1.13.3/go.mod h1:4Q0UFP0YJf0NrsEuEYHpM9fTSEVnD16Z3uyEF7J9JGM=
github.com/aws/aws-sdk-go-v2/feature/ec2/imds v1.13.4 h1:LxK/bitrAr4lnh9LnIS6i7zWbCOdMsfzKFBI6LUCS0I=
github.com/aws/aws-sdk-go-v2/feature/ec2/imds v1.13.4/go.mod h1:E1hLXN/BL2e6YizK1zFlYd8vsfi2GTjbjBazinMmeaM=
github.com/aws/aws-sdk-go-v2/feature/ec2/imds v1.13.5 h1:kP3Me6Fy3vdi+9uHd7YLr6ewPxRL+PU6y15urfTaamU=
github.com/aws/aws-sdk-go-v2/feature/ec2/imds v1.13.5/go.mod h1:Gj7tm95r+QsDoN2Fhuz/3npQvcZbkEf5mL70n3Xfluc=
github.com/aws/aws-sdk-go-v2/feature/ec2/imds v1.13.11 h1:uDZJF1hu0EVT/4bogChk8DyjSF6fof6uL/0Y26Ma7Fg=
github.com/aws/aws-sdk-go-v2/feature/ec2/imds v1.13.11/go.mod h1:TEPP4tENqBGO99KwVpV9MlOX4NSrSLP8u3KRy2CDwA8=
github.com/aws/aws-sdk-go-v2/feature/ec2/imds v1.13.13 h1:PIktER+hwIG286DqXyvVENjgLTAwGgoeriLDD5C+YlQ=
github.com/aws/aws-sdk-go-v2/feature/ec2/imds v1.13.13/go.mod h1:f/Ib/qYjhV2/qdsf79H3QP/eRE4AkVyEf6sk7XfZ1tg=
github.com/aws/aws-sdk-go-v2/feature/ec2/imds v1.14.2 h1:gIeH4+o1MN/caGBWjoGQTUTIu94xD6fI5B2+TcwBf70=
github.com/aws/aws-sdk-go-v2/feature/ec2/imds v1.14.2/go.mod h1:wLyMIo/zPOhQhPXTddpfdkSleyigtFi8iMnC+2m/SK4=
github.com/aws/aws-sdk-go-v2/feature/ec2/imds v1.14.3 h1:G5KawTAkyHH6WyKQCdHiW4h3PmAXNJpOgwKg3H7sDRE=
github.com/aws/aws-sdk-go-v2/feature/ec2/imds v1.14.3/go.mod h1:hugKmSFnZB+HgNI1sYGT14BUPZkO6alC/e0AWu+0IAQ=
github.com/aws/aws-sdk-go-v2/feature/ec2/imds v1.14.4 h1:9wKDWEjwSnXZre0/O3+ZwbBl1SmlgWYBbrTV10X/H1s=
github.com/aws/aws-sdk-go-v2/feature/ec2/imds v1.14.4/go.mod h1:t4i+yGHMCcUNIX1x7YVYa6bH/Do7civ5I6cG/6PMfyA=
github.com/aws/aws-sdk-go-v2/feature/ec2/imds v1.14.5 h1:KehRNiVzIfAcj6gw98zotVbb/K67taJE0fkfgM6vzqU=
github.com/aws/aws-sdk-go-v2/feature/ec2/imds v1.14.5/go.mod h1:VhnExhw6uXy9QzetvpXDolo1/hjhx4u9qukBGkuUwjs=
github.com/aws/aws-sdk-go-v2/feature/ec2/imds v1.14.9 h1:FZVFahMyZle6WcogZCOxo6D/lkDA2lqKIn4/ueUmVXw=
github.com/aws/aws-sdk-go-v2/feature/ec2/imds v1.14.9/go.mod h1:kjq7REMIkxdtcEC9/4BVXjOsNY5isz6jQbEgk6osRTU=
github.com/aws/aws-sdk-go-v2/internal/configsources v1.1.33 h1:kG5eQilShqmJbv11XL1VpyDbaEJzWxd4zRiCG30GSn4=
github.com/aws/aws-sdk-go-v2/internal/configsources v1.1.33/go.mod h1:7i0PF1ME/2eUPFcjkVIwq+DOygHEoK92t5cDqNgYbIw=
github.com/aws/aws-sdk-go-v2/internal/configsources v1.1.34 h1:A5UqQEmPaCFpedKouS4v+dHCTUo2sKqhoKO9U5kxyWo=
github.com/aws/aws-sdk-go-v2/internal/configsources v1.1.34/go.mod h1:wZpTEecJe0Btj3IYnDx/VlUzor9wm3fJHyvLpQF0VwY=
github.com/aws/aws-sdk-go-v2/internal/configsources v1.1.35 h1:hMUCiE3Zi5AHrRNGf5j985u0WyqI6r2NULhUfo0N/No=
github.com/aws/aws-sdk-go-v2/internal/configsources v1.1.35/go.mod h1:ipR5PvpSPqIqL5Mi82BxLnfMkHVbmco8kUwO2xrCi0M=
github.com/aws/aws-sdk-go-v2/internal/configsources v1.1.41 h1:22dGT7PneFMx4+b3pz7lMTRyN8ZKH7M2cW4GP9yUS2g=
github.com/aws/aws-sdk-go-v2/internal/configsources v1.1.41/go.mod h1:CrObHAuPneJBlfEJ5T3szXOUkLEThaGfvnhTf33buas=
github.com/aws/aws-sdk-go-v2/internal/configsources v1.1.43 h1:nFBQlGtkbPzp/NjZLuFxRqmT91rLJkgvsEQs68h962Y=
github.com/aws/aws-sdk-go-v2/internal/configsources v1.1.43/go.mod h1:auo+PiyLl0n1l8A0e8RIeR8tOzYPfZZH/JNlrJ8igTQ=
github.com/aws/aws-sdk-go-v2/internal/configsources v1.2.1 h1:fi1ga6WysOyYb5PAf3Exd6B5GiSNpnZim4h1rhlBqx0=
github.com/aws/aws-sdk-go-v2/internal/configsources v1.2.1/go.mod h1:V5CY8wNurvPUibTi9mwqUqpiFZ5LnioKWIFUDtIzdI8=
github.com/aws/aws-sdk-go-v2/internal/configsources v1.2.2 h1:AaQsr5vvGR7rmeSWBtTCcw16tT9r51mWijuCQhzLnq8=
github.com/aws/aws-sdk-go-v2/internal/configsources v1.2.2/go.mod h1:o1IiRn7CWocIFTXJjGKJDOwxv1ibL53NpcvcqGWyRBA=
github.com/aws/aws-sdk-go-v2/internal/configsources v1.2.3 h1:DUwbD79T8gyQ23qVXFUthjzVMTviSHi3y4z58KvghhM=
github.com/aws/aws-sdk-go-v2/internal/configsources v1.2.3/go.mod h1:7sGSz1JCKHWWBHq98m6sMtWQikmYPpxjqOydDemiVoM=
github.com/aws/aws-sdk-go-v2/internal/configsources v1.2.4 h1:LAm3Ycm9HJfbSCd5I+wqC2S9Ej7FPrgr5CQoOljJZcE=
github.com/aws/aws-sdk-go-v2/internal/configsources v1.2.4/go.mod h1:xEhvbJcyUf/31yfGSQBe01fukXwXJ0gxDp7rLfymWE0=
github.com/aws/aws-sdk-go-v2/internal/configsources v1.2.8 h1:8GVZIR0y6JRIUNSYI1xAMF4HDfV8H/bOsZ/8AD/uY5Q=
github.com/aws/aws-sdk-go-v2/internal/configsources v1.2.8/go.mod h1:rwBfu0SoUkBUZndVgPZKAD9Y2JigaZtRP68unRiYToQ=
github.com/aws/aws-sdk-go-v2/internal/endpoints/v2 v2.4.27 h1:vFQlirhuM8lLlpI7imKOMsjdQLuN9CPi+k44F/OFVsk=
github.com/aws/aws-sdk-go-v2/internal/endpoints/v2 v2.4.27/go.mod h1:UrHnn3QV/d0pBZ6QBAEQcqFLf8FAzLmoUfPVIueOvoM=
github.com/aws/aws-sdk-go-v2/internal/endpoints/v2 v2.4.28 h1:srIVS45eQuewqz6fKKu6ZGXaq6FuFg5NzgQBAM6g8Y4=
github.com/aws/aws-sdk-go-v2/internal/endpoints/v2 v2.4.28/go.mod h1:7VRpKQQedkfIEXb4k52I7swUnZP0wohVajJMRn3vsUw=
github.com/aws/aws-sdk-go-v2/internal/endpoints/v2 v2.4.29 h1:yOpYx+FTBdpk/g+sBU6Cb1H0U/TLEcYYp66mYqsPpcc=
github.com/aws/aws-sdk-go-v2/internal/endpoints/v2 v2.4.29/go.mod h1:M/eUABlDbw2uVrdAn+UsI6M727qp2fxkp8K0ejcBDUY=
github.com/aws/aws-sdk-go-v2/internal/endpoints/v2 v2.4.35 h1:SijA0mgjV8E+8G45ltVHs0fvKpTj8xmZJ3VwhGKtUSI=
github.com/aws/aws-sdk-go-v2/internal/endpoints/v2 v2.4.35/go.mod h1:SJC1nEVVva1g3pHAIdCp7QsRIkMmLAgoDquQ9Rr8kYw=
github.com/aws/aws-sdk-go-v2/internal/endpoints/v2 v2.4.37 h1:JRVhO25+r3ar2mKGP7E0LDl8K9/G36gjlqca5iQbaqc=
github.com/aws/aws-sdk-go-v2/internal/endpoints/v2 v2.4.37/go.mod h1:Qe+2KtKml+FEsQF/DHmDV+xjtche/hwoF75EG4UlHW8=
github.com/aws/aws-sdk-go-v2/internal/endpoints/v2 v2.5.1 h1:ZpaV/j48RlPc4AmOZuPv22pJliXjXq8/reL63YzyFnw=
github.com/aws/aws-sdk-go-v2/internal/endpoints/v2 v2.5.1/go.mod h1:R8aXraabD2e3qv1csxM14/X9WF4wFMIY0kH4YEtYD5M=
github.com/aws/aws-sdk-go-v2/internal/endpoints/v2 v2.5.2 h1:UZx8SXZ0YtzRiALzYAWcjb9Y9hZUR7MBKaBQ5ouOjPs=
github.com/aws/aws-sdk-go-v2/internal/endpoints/v2 v2.5.2/go.mod h1:ipuRpcSaklmxR6C39G187TpBAO132gUfleTGccUPs8c=
github.com/aws/aws-sdk-go-v2/internal/endpoints/v2 v2.5.3 h1:AplLJCtIaUZDCbr6+gLYdsYNxne4iuaboJhVt9d+WXI=
github.com/aws/aws-sdk-go-v2/internal/endpoints/v2 v2.5.3/go.mod h1:ify42Rb7nKeDDPkFjKn7q1bPscVPu/+gmHH8d2c+anU=
github.com/aws/aws-sdk-go-v2/internal/endpoints/v2 v2.5.4 h1:4GV0kKZzUxiWxSVpn/9gwR0g21NF1Jsyduzo9rHgC/Q=
github.com/aws/aws-sdk-go-v2/internal/endpoints/v2 v2.5.4/go.mod h1:dYvTNAggxDZy6y1AF7YDwXsPuHFy/VNEpEI/2dWK9IU=
github.com/aws/aws-sdk-go-v2/internal/endpoints/v2 v2.5.8 h1:ZE2ds/qeBkhk3yqYvS3CDCFNvd9ir5hMjlVStLZWrvM=
github.com/aws/aws-sdk-go-v2/internal/endpoints/v2 v2.5.8/go.mod h1:/lAPPymDYL023+TS6DJmjuL42nxix2AvEvfjqOBRODk=
github.com/aws/aws-sdk-go-v2/internal/ini v1.3.34 h1:gGLG7yKaXG02/jBlg210R7VgQIotiQntNhsCFejawx8=
github.com/aws/aws-sdk-go-v2/internal/ini v1.3.34/go.mod h1:Etz2dj6UHYuw+Xw830KfzCfWGMzqvUTCjUj5b76GVDc=
github.com/aws/aws-sdk-go-v2/internal/ini v1.3.35 h1:LWA+3kDM8ly001vJ1X1waCuLJdtTl48gwkPKWy9sosI=
github.com/aws/aws-sdk-go-v2/internal/ini v1.3.35/go.mod h1:0Eg1YjxE0Bhn56lx+SHJwCzhW+2JGtizsrx+lCqrfm0=
github.com/aws/aws-sdk-go-v2/internal/ini v1.3.36 h1:8r5m1BoAWkn0TDC34lUculryf7nUF25EgIMdjvGCkgo=
github.com/aws/aws-sdk-go-v2/internal/ini v1.3.36/go.mod h1:Rmw2M1hMVTwiUhjwMoIBFWFJMhvJbct06sSidxInkhY=
github.com/aws/aws-sdk-go-v2/internal/ini v1.3.42 h1:GPUcE/Yq7Ur8YSUk6lVkoIMWnJNO0HT18GUzCWCgCI0=
github.com/aws/aws-sdk-go-v2/internal/ini v1.3.42/go.mod h1:rzfdUlfA+jdgLDmPKjd3Chq9V7LVLYo1Nz++Wb91aRo=
github.com/aws/aws-sdk-go-v2/internal/ini v1.3.45 h1:hze8YsjSh8Wl1rYa1CJpRmXP21BvOBuc76YhW0HsuQ4=
github.com/aws/aws-sdk-go-v2/internal/ini v1.3.45/go.mod h1:lD5M20o09/LCuQ2mE62Mb/iSdSlCNuj6H5ci7tW7OsE=
github.com/aws/aws-sdk-go-v2/internal/ini v1.5.0 h1:DqOQvIfmGkXZUVJnl9VRk0AnxyS59tCtX9k1Pyss4Ak=
github.com/aws/aws-sdk-go-v2/internal/ini v1.5.0/go.mod h1:VV/Kbw9Mg1GWJOT9WK+oTL3cWZiXtapnNvDSRqTZLsg=
github.com/aws/aws-sdk-go-v2/internal/ini v1.6.0 h1:hwZB07/beLiCopuRKF0t+dEHmP39iN4YtDh3X5d3hrg=
github.com/aws/aws-sdk-go-v2/internal/ini v1.6.0/go.mod h1:rdAuXeHWhI/zkpYcO5n8WCpaIgY9MUxFyBsuqq3kjyA=
github.com/aws/aws-sdk-go-v2/internal/ini v1.7.1 h1:uR9lXYjdPX0xY+NhvaJ4dD8rpSRz5VY81ccIIoNG+lw=
github.com/aws/aws-sdk-go-v2/internal/ini v1.7.1/go.mod h1:6fQQgfuGmw8Al/3M2IgIllycxV7ZW7WCdVSqfBeUiCY=
github.com/aws/aws-sdk-go-v2/service/internal/accept-encoding v1.10.1 h1:rpkF4n0CyFcrJUG/rNNohoTmhtWlFTRI4BsZOh9PvLs=
github.com/aws/aws-sdk-go-v2/service/internal/accept-encoding v1.10.1/go.mod h1:l9ymW25HOqymeU2m1gbUQ3rUIsTwKs8gYHXkqDQUhiI=
github.com/aws/aws-sdk-go-v2/service/internal/accept-encoding v1.10.3 h1:e3PCNeEaev/ZF01cQyNZgmYE9oYYePIMJs2mWSKG514=
github.com/aws/aws-sdk-go-v2/service/internal/accept-encoding v1.10.3/go.mod h1:gIeeNyaL8tIEqZrzAnTeyhHcE0yysCtcaP+N9kxLZ+E=
github.com/aws/aws-sdk-go-v2/service/internal/presigned-url v1.9.27 h1:0iKliEXAcCa2qVtRs7Ot5hItA2MsufrphbRFlz1Owxo=
github.com/aws/aws-sdk-go-v2/service/internal/presigned-url v1.9.27/go.mod h1:EOwBD4J4S5qYszS5/3DpkejfuK+Z5/1uzICfPaZLtqw=
github.com/aws/aws-sdk-go-v2/service/internal/presigned-url v1.9.28 h1:bkRyG4a929RCnpVSTvLM2j/T4ls015ZhhYApbmYs15s=
github.com/aws/aws-sdk-go-v2/service/internal/presigned-url v1.9.28/go.mod h1:jj7znCIg05jXlaGBlFMGP8+7UN3VtCkRBG2spnmRQkU=
github.com/aws/aws-sdk-go-v2/service/internal/presigned-url v1.9.29 h1:IiDolu/eLmuB18DRZibj77n1hHQT7z12jnGO7Ze3pLc=
github.com/aws/aws-sdk-go-v2/service/internal/presigned-url v1.9.29/go.mod h1:fDbkK4o7fpPXWn8YAPmTieAMuB9mk/VgvW64uaUqxd4=
github.com/aws/aws-sdk-go-v2/service/internal/presigned-url v1.9.35 h1:CdzPW9kKitgIiLV1+MHobfR5Xg25iYnyzWZhyQuSlDI=
github.com/aws/aws-sdk-go-v2/service/internal/presigned-url v1.9.35/go.mod h1:QGF2Rs33W5MaN9gYdEQOBBFPLwTZkEhRwI33f7KIG0o=
github.com/aws/aws-sdk-go-v2/service/internal/presigned-url v1.9.37 h1:WWZA/I2K4ptBS1kg0kV1JbBtG/umed0vwHRrmcr9z7k=
github.com/aws/aws-sdk-go-v2/service/internal/presigned-url v1.9.37/go.mod h1:vBmDnwWXWxNPFRMmG2m/3MKOe+xEcMDo1tanpaWCcck=
github.com/aws/aws-sdk-go-v2/service/internal/presigned-url v1.10.1 h1:2OXw3ppu1XsB6rqKEMV4tnecTjIY3PRV2U6IP6KPJQo=
github.com/aws/aws-sdk-go-v2/service/internal/presigned-url v1.10.1/go.mod h1:FZB4AdakIqW/yERVdGJA6Z9jraax1beXfhBBnK2wwR8=
github.com/aws/aws-sdk-go-v2/service/internal/presigned-url v1.10.2 h1:h7j73yuAVVjic8pqswh+L/7r2IHP43QwRyOu6zcCDDE=
github.com/aws/aws-sdk-go-v2/service/internal/presigned-url v1.10.2/go.mod h1:H07AHdK5LSy8F7EJUQhoxyiCNkePoHj2D8P2yGTWafo=
github.com/aws/aws-sdk-go-v2/service/internal/presigned-url v1.10.3 h1:kJOolE8xBAD13xTCgOakByZkyP4D/owNmvEiioeUNAg=
github.com/aws/aws-sdk-go-v2/service/internal/presigned-url v1.10.3/go.mod h1:Owv1I59vaghv1Ax8zz8ELY8DN7/Y0rGS+WWAmjgi950=
github.com/aws/aws-sdk-go-v2/service/internal/presigned-url v1.10.4 h1:rdovz3rEu0vZKbzoMYPTehp0E8veoE9AyfzqCr5Eeao=
github.com/aws/aws-sdk-go-v2/service/internal/presigned-url v1.10.4/go.mod h1:aYCGNjyUCUelhofxlZyj63srdxWUSsBSGg5l6MCuXuE=
github.com/aws/aws-sdk-go-v2/service/internal/presigned-url v1.10.8 h1:EamsKe+ZjkOQjDdHd86/JCEucjFKQ9T0atWKO4s2Lgs=
github.com/aws/aws-sdk-go-v2/service/internal/presigned-url v1.10.8/go.mod h1:Q0vV3/csTpbkfKLI5Sb56cJQTCTtJ0ixdb7P+Wedqiw=
github.com/aws/aws-sdk-go-v2/service/sso v1.12.10 h1:UBQjaMTCKwyUYwiVnUt6toEJwGXsLBI6al083tpjJzY=
github.com/aws/aws-sdk-go-v2/service/sso v1.12.10/go.mod h1:ouy2P4z6sJN70fR3ka3wD3Ro3KezSxU6eKGQI2+2fjI=
github.com/aws/aws-sdk-go-v2/service/sso v1.12.12 h1:nneMBM2p79PGWBQovYO/6Xnc2ryRMw3InnDJq1FHkSY=
github.com/aws/aws-sdk-go-v2/service/sso v1.12.12/go.mod h1:HuCOxYsF21eKrerARYO6HapNeh9GBNq7fius2AcwodY=
github.com/aws/aws-sdk-go-v2/service/sso v1.12.13 h1:sWDv7cMITPcZ21QdreULwxOOAmE05JjEsT6fCDtDA9k=
github.com/aws/aws-sdk-go-v2/service/sso v1.12.13/go.mod h1:DfX0sWuT46KpcqbMhJ9QWtxAIP1VozkDWf8VAkByjYY=
github.com/aws/aws-sdk-go-v2/service/sso v1.13.6 h1:2PylFCfKCEDv6PeSN09pC/VUiRd10wi1VfHG5FrW0/g=
github.com/aws/aws-sdk-go-v2/service/sso v1.13.6/go.mod h1:fIAwKQKBFu90pBxx07BFOMJLpRUGu8VOzLJakeY+0K4=
github.com/aws/aws-sdk-go-v2/service/sso v1.15.2 h1:JuPGc7IkOP4AaqcZSIcyqLpFSqBWK32rM9+a1g6u73k=
github.com/aws/aws-sdk-go-v2/service/sso v1.15.2/go.mod h1:gsL4keucRCgW+xA85ALBpRFfdSLH4kHOVSnLMSuBECo=
github.com/aws/aws-sdk-go-v2/service/sso v1.17.0 h1:I/Oh3IxGPfHXiGnwM54TD6hNr/8TlUrBXAtTyGhR+zw=
github.com/aws/aws-sdk-go-v2/service/sso v1.17.0/go.mod h1:H6NCMvDBqA+CvIaXzaSqM6LWtzv9BzZrqBOqz+PzRF8=
github.com/aws/aws-sdk-go-v2/service/sso v1.17.1 h1:km+ZNjtLtpXYf42RdaDZnNHm9s7SYAuDGTafy6nd89A=
github.com/aws/aws-sdk-go-v2/service/sso v1.17.1/go.mod h1:aHBr3pvBSD5MbzOvQtYutyPLLRPbl/y9x86XyJJnUXQ=
github.com/aws/aws-sdk-go-v2/service/sso v1.17.2 h1:V47N5eKgVZoRSvx2+RQ0EpAEit/pqOhqeSQFiS4OFEQ=
github.com/aws/aws-sdk-go-v2/service/sso v1.17.2/go.mod h1:/pE21vno3q1h4bbhUOEi+6Zu/aT26UK2WKkDXd+TssQ=
github.com/aws/aws-sdk-go-v2/service/sso v1.17.3 h1:CdsSOGlFF3Pn+koXOIpTtvX7st0IuGsZ8kJqcWMlX54=
github.com/aws/aws-sdk-go-v2/service/sso v1.17.3/go.mod h1:oA6VjNsLll2eVuUoF2D+CMyORgNzPEW/3PyUdq6WQjI=
github.com/aws/aws-sdk-go-v2/service/sso v1.18.2 h1:xJPydhNm0Hiqct5TVKEuHG7weC0+sOs4MUnd7A5n5F4=
github.com/aws/aws-sdk-go-v2/service/sso v1.18.2/go.mod h1:zxk6y1X2KXThESWMS5CrKRvISD8mbIMab6nZrCGxDG0=
github.com/aws/aws-sdk-go-v2/service/sso v1.18.3 h1:wKspi1zc2ZVcgZEu3k2Mt4zGKQSoZTftsoUTLsYPcVo=
github.com/aws/aws-sdk-go-v2/service/sso v1.18.3/go.mod h1:zxk6y1X2KXThESWMS5CrKRvISD8mbIMab6nZrCGxDG0=
github.com/aws/aws-sdk-go-v2/service/ssooidc v1.14.10 h1:PkHIIJs8qvq0e5QybnZoG1K/9QTrLr9OsqCIo59jOBA=
github.com/aws/aws-sdk-go-v2/service/ssooidc v1.14.10/go.mod h1:AFvkxc8xfBe8XA+5St5XIHHrQQtkxqrRincx4hmMHOk=
github.com/aws/aws-sdk-go-v2/service/ssooidc v1.14.12 h1:2qTR7IFk7/0IN/adSFhYu9Xthr0zVFTgBrmPldILn80=
github.com/aws/aws-sdk-go-v2/service/ssooidc v1.14.12/go.mod h1:E4VrHCPzmVB/KFXtqBGKb3c8zpbNBgKe3fisDNLAW5w=
github.com/aws/aws-sdk-go-v2/service/ssooidc v1.14.13 h1:BFubHS/xN5bjl818QaroN6mQdjneYQ+AOx44KNXlyH4=
github.com/aws/aws-sdk-go-v2/service/ssooidc v1.14.13/go.mod h1:BzqsVVFduubEmzrVtUFQQIQdFqvUItF8XUq2EnS8Wog=
github.com/aws/aws-sdk-go-v2/service/ssooidc v1.15.6 h1:pSB560BbVj9ZlJZF4WYj5zsytWHWKxg+NgyGV4B2L58=
github.com/aws/aws-sdk-go-v2/service/ssooidc v1.15.6/go.mod h1:yygr8ACQRY2PrEcy3xsUI357stq2AxnFM6DIsR9lij4=
github.com/aws/aws-sdk-go-v2/service/ssooidc v1.17.3 h1:HFiiRkf1SdaAmV3/BHOFZ9DjFynPHj8G/UIO1lQS+fk=
github.com/aws/aws-sdk-go-v2/service/ssooidc v1.17.3/go.mod h1:a7bHA82fyUXOm+ZSWKU6PIoBxrjSprdLoM8xPYvzYVg=
github.com/aws/aws-sdk-go-v2/service/ssooidc v1.19.0 h1:irbXQkfVYIRaewYSXcu4yVk0m2T+JzZd0dkop7FjmO0=
github.com/aws/aws-sdk-go-v2/service/ssooidc v1.19.0/go.mod h1:4wPNCkM22+oRe71oydP66K50ojDUC33XutSMi2pEF/M=
github.com/aws/aws-sdk-go-v2/service/ssooidc v1.19.1 h1:iRFNqZH4a67IqPvK8xxtyQYnyrlsvwmpHOe9r55ggBA=
github.com/aws/aws-sdk-go-v2/service/ssooidc v1.19.1/go.mod h1:pTy5WM+6sNv2tB24JNKFtn6EvciQ5k40ZJ0pq/Iaxj0=
github.com/aws/aws-sdk-go-v2/service/ssooidc v1.19.2 h1:sMAcO7VHVw28HTAdZpTULDzFirHOsVm/x25CxhUH0jA=
github.com/aws/aws-sdk-go-v2/service/ssooidc v1.19.2/go.mod h1:dWqm5G767qwKPuayKfzm4rjzFmVjiBFbOJrpSPnAMDs=
github.com/aws/aws-sdk-go-v2/service/ssooidc v1.20.1 h1:cbRqFTVnJV+KRpwFl76GJdIZJKKCdTPnjUZ7uWh3pIU=
github.com/aws/aws-sdk-go-v2/service/ssooidc v1.20.1/go.mod h1:hHL974p5auvXlZPIjJTblXJpbkfK4klBczlsEaMCGVY=
github.com/aws/aws-sdk-go-v2/service/ssooidc v1.21.2 h1:8dU9zqA77C5egbU6yd4hFLaiIdPv3rU+6cp7sz5FjCU=
github.com/aws/aws-sdk-go-v2/service/ssooidc v1.21.2/go.mod h1:7Lt5mjQ8x5rVdKqg+sKKDeuwoszDJIIPmkd8BVsEdS0=
github.com/aws/aws-sdk-go-v2/service/ssooidc v1.21.3 h1:CxAHBS0BWSUqI7qzXHc2ZpTeHaM9JNnWJ9BN6Kmo2CY=
github.com/aws/aws-sdk-go-v2/service/ssooidc v1.21.3/go.mod h1:7Lt5mjQ8x5rVdKqg+sKKDeuwoszDJIIPmkd8BVsEdS0=
github.com/aws/aws-sdk-go-v2/service/sts v1.19.0 h1:2DQLAKDteoEDI8zpCzqBMaZlJuoE9iTYD0gFmXVax9E=
github.com/aws/aws-sdk-go-v2/service/sts v1.19.0/go.mod h1:BgQOMsg8av8jset59jelyPW7NoZcZXLVpDsXunGDrk8=
github.com/aws/aws-sdk-go-v2/service/sts v1.19.2 h1:XFJ2Z6sNUUcAz9poj+245DMkrHE4h2j5I9/xD50RHfE=
github.com/aws/aws-sdk-go-v2/service/sts v1.19.2/go.mod h1:dp0yLPsLBOi++WTxzCjA/oZqi6NPIhoR+uF7GeMU9eg=
github.com/aws/aws-sdk-go-v2/service/sts v1.19.3 h1:e5mnydVdCVWxP+5rPAGi2PYxC7u2OZgH1ypC114H04U=
github.com/aws/aws-sdk-go-v2/service/sts v1.19.3/go.mod h1:yVGZA1CPkmUhBdA039jXNJJG7/6t+G+EBWmFq23xqnY=
github.com/aws/aws-sdk-go-v2/service/sts v1.21.5 h1:CQBFElb0LS8RojMJlxRSo/HXipvTZW2S44Lt9Mk2aYQ=
github.com/aws/aws-sdk-go-v2/service/sts v1.21.5/go.mod h1:VC7JDqsqiwXukYEDjoHh9U0fOJtNWh04FPQz4ct4GGU=
github.com/aws/aws-sdk-go-v2/service/sts v1.23.2 h1:0BkLfgeDjfZnZ+MhB3ONb01u9pwFYTCZVhlsSSBvlbU=
github.com/aws/aws-sdk-go-v2/service/sts v1.23.2/go.mod h1:Eows6e1uQEsc4ZaHANmsPRzAKcVDrcmjjWiih2+HUUQ=
github.com/aws/aws-sdk-go-v2/service/sts v1.25.0 h1:sYIFy8tm1xQwRvVQ4CRuBGXKIg9sHNuG6+3UAQuoujk=
github.com/aws/aws-sdk-go-v2/service/sts v1.25.0/go.mod h1:S/LOQUeYDfJeJpFCIJDMjy7dwL4aA33HUdVi+i7uH8k=
github.com/aws/aws-sdk-go-v2/service/sts v1.25.1 h1:txgVXIXWPXyqdiVn92BV6a/rgtpX31HYdsOYj0sVQQQ=
github.com/aws/aws-sdk-go-v2/service/sts v1.25.1/go.mod h1:VAiJiNaoP1L89STFlEMgmHX1bKixY+FaP+TpRFrmyZ4=
github.com/aws/aws-sdk-go-v2/service/sts v1.25.2 h1:vwyiRTnXLqsak/6WAQ+uTRhVqKI6vxUQ0HJXjKij0zM=
github.com/aws/aws-sdk-go-v2/service/sts v1.25.2/go.mod h1:4EqRHDCKP78hq3zOnmFXu5k0j4bXbRFfCh/zQ6KnEfQ=
github.com/aws/aws-sdk-go-v2/service/sts v1.25.4 h1:yEvZ4neOQ/KpUqyR+X0ycUTW/kVRNR4nDZ38wStHGAA=
github.com/aws/aws-sdk-go-v2/service/sts v1.25.4/go.mod h1:feTnm2Tk/pJxdX+eooEsxvlvTWBvDm6CasRZ+JOs2IY=
github.com/aws/aws-sdk-go-v2/service/sts v1.26.2 h1:fFrLsy08wEbAisqW3KDl/cPHrF43GmV79zXB9EwJiZw=
github.com/aws/aws-sdk-go-v2/service/sts v1.26.2/go.mod h1:7Ld9eTqocTvJqqJ5K/orbSDwmGcpRdlDiLjz2DO+SL8=
github.com/aws/aws-sdk-go-v2/service/sts v1.26.3 h1:KfREzajmHCSYjCaMRtdLr9boUMA7KPpoPApitPlbNeo=
github.com/aws/aws-sdk-go-v2/service/sts v1.26.3/go.mod h1:7Ld9eTqocTvJqqJ5K/orbSDwmGcpRdlDiLjz2DO+SL8=
github.com/aws/smithy-go v1.13.5 h1:hgz0X/DX0dGqTYpGALqXJoRKRj5oQ7150i5FdTePzO8=
github.com/aws/smithy-go v1.13.5/go.mod h1:Tg+OJXh4MB2R/uN61Ko2f6hTZwB/ZYGOtib8J3gBHzA=
github.com/aws/smithy-go v1.14.2 h1:MJU9hqBGbvWZdApzpvoF2WAIJDbtjK2NDJSiJP7HblQ=
github.com/aws/smithy-go v1.14.2/go.mod h1:Tg+OJXh4MB2R/uN61Ko2f6hTZwB/ZYGOtib8J3gBHzA=
github.com/aws/smithy-go v1.15.0 h1:PS/durmlzvAFpQHDs4wi4sNNP9ExsqZh6IlfdHXgKK8=
github.com/aws/smithy-go v1.15.0/go.mod h1:Tg+OJXh4MB2R/uN61Ko2f6hTZwB/ZYGOtib8J3gBHzA=
github.com/aws/smithy-go v1.16.0 h1:gJZEH/Fqh+RsvlJ1Zt4tVAtV6bKkp3cC+R6FCZMNzik=
github.com/aws/smithy-go v1.16.0/go.mod h1:NukqUGpCZIILqqiV0NIjeFh24kd/FAa4beRb6nbIUPE=
github.com/aws/smithy-go v1.17.0 h1:wWJD7LX6PBV6etBUwO0zElG0nWN9rUhp0WdYeHSHAaI=
github.com/aws/smithy-go v1.17.0/go.mod h1:NukqUGpCZIILqqiV0NIjeFh24kd/FAa4beRb6nbIUPE=
github.com/aws/smithy-go v1.18.1 h1:pOdBTUfXNazOlxLrgeYalVnuTpKreACHtc62xLwIB3c=
github.com/aws/smithy-go v1.18.1/go.mod h1:NukqUGpCZIILqqiV0NIjeFh24kd/FAa4beRb6nbIUPE=
github.com/davecgh/go-spew v1.1.0/go.mod h1:J7Y8YcW2NihsgmVo/mv3lAwl/skON4iLHjSsI+c5H38=
github.com/google/go-cmp v0.5.8/go.mod h1:17dUlkBOakJ0+DkrSSNjCkIjxS6bF9zb3elmeNGIjoY=
github.com/jmespath/go-jmespath v0.4.0/go.mod h1:T8mJZnbsbmF+m6zOOFylbeCJqk5+pHWvzYPziyZiYoo=
github.com/jmespath/go-jmespath/internal/testify v1.5.1/go.mod h1:L3OGu8Wl2/fWfCI6z80xFu9LTZmf1ZRjMHUOPmWr69U=
github.com/pmezard/go-difflib v1.0.0/go.mod h1:iKH77koFhYxTK1pcRnkKkqfTogsbg7gZNVY4sRDYZ/4=
github.com/stretchr/objx v0.1.0/go.mod h1:HFkY916IF+rwdDfMAkV7OtwuqBVzrE8GR6GFx+wExME=
gopkg.in/check.v1 v0.0.0-20161208181325-20d25e280405/go.mod h1:Co6ibVJAznAaIkqp8huTwlJQCZ016jof/cbN4VW5Yz0=
gopkg.in/yaml.v2 v2.2.8/go.mod h1:hI93XBmqTisBFMUTm0b8Fm+jr3Dg1NNxqwp+5A1VGuI=
